
Microsoft Visual Studio Solution File, Format Version 12.00
# Visual Studio Version 17
VisualStudioVersion = 17.7.34031.279
MinimumVisualStudioVersion = 10.0.40219.1
Project("{FAE04EC0-301F-11D3-BF4B-00C04F79EFBC}") = "PetrolMIS_Fierbase", "PetrolMIS_Fierbase\PetrolMIS_Fierbase.csproj", "{96085B85-4FD2-4090-99DD-FE6779C80429}"
EndProject
Global
	GlobalSection(SolutionConfigurationPlatforms) = preSolution
		Debug|Any CPU = Debug|Any CPU
		Release|Any CPU = Release|Any CPU
	EndGlobalSection
	GlobalSection(ProjectConfigurationPlatforms) = postSolution
		{96085B85-4FD2-4090-99DD-FE6779C80429}.Debug|Any CPU.ActiveCfg = Debug|Any CPU
		{96085B85-4FD2-4090-99DD-FE6779C80429}.Debug|Any CPU.Build.0 = Debug|Any CPU
		{96085B85-4FD2-4090-99DD-FE6779C80429}.Release|Any CPU.ActiveCfg = Release|Any CPU
		{96085B85-4FD2-4090-99DD-FE6779C80429}.Release|Any CPU.Build.0 = Release|Any CPU
	EndGlobalSection
	GlobalSection(SolutionProperties) = preSolution
		HideSolutionNode = FALSE
	EndGlobalSection
	GlobalSection(ExtensibilityGlobals) = postSolution
		SolutionGuid = {F1E7699C-DD08-429F-B63A-D2928FF613B8}
	EndGlobalSection
EndGlobal
